
Microsoft Visual Studio Solution File, Format Version 12.00
# Visual Studio Version 16
VisualStudioVersion = 16.0.29806.167
MinimumVisualStudioVersion = 10.0.40219.1
Project("{FAE04EC0-301F-11D3-BF4B-00C04F79EFBC}") = "Console5_5_recursiya", "Console5_5_recursiya\Console5_5_recursiya.csproj", "{B6F5F0F8-4476-4CAD-8768-D09816EBF7A0}"
EndProject
Global
	GlobalSection(SolutionConfigurationPlatforms) = preSolution
		Debug|Any CPU = Debug|Any CPU
		Release|Any CPU = Release|Any CPU
	EndGlobalSection
	GlobalSection(ProjectConfigurationPlatforms) = postSolution
		{B6F5F0F8-4476-4CAD-8768-D09816EBF7A0}.Debug|Any CPU.ActiveCfg = Debug|Any CPU
		{B6F5F0F8-4476-4CAD-8768-D09816EBF7A0}.Debug|Any CPU.Build.0 = Debug|Any CPU
		{B6F5F0F8-4476-4CAD-8768-D09816EBF7A0}.Release|Any CPU.ActiveCfg = Release|Any CPU
		{B6F5F0F8-4476-4CAD-8768-D09816EBF7A0}.Release|Any CPU.Build.0 = Release|Any CPU
	EndGlobalSection
	GlobalSection(SolutionProperties) = preSolution
		HideSolutionNode = FALSE
	EndGlobalSection
	GlobalSection(ExtensibilityGlobals) = postSolution
		SolutionGuid = {335523B5-1552-4E92-BC1F-0B8B96BD222D}
	EndGlobalSection
EndGlobal
